
Microsoft Visual Studio Solution File, Format Version 12.00
# Visual Studio 15
Project("{FAE04EC0-301F-11D3-BF4B-00C04F79EFBC}") = "Battlehub.RTEditor.Demo", "Battlehub.RTEditor.Demo.csproj", "{AF1F71A1-E71C-C9B2-9AFA-4DBF6C25C2DB}"
EndProject
Project("{FAE04EC0-301F-11D3-BF4B-00C04F79EFBC}") = "Battlehub.RTEditor", "Battlehub.RTEditor.csproj", "{5F6698C2-7F11-C8BE-F6EC-5B3851736ED5}"
EndProject
Project("{FAE04EC0-301F-11D3-BF4B-00C04F79EFBC}") = "Battlehub.RTEditor.Editor", "Battlehub.RTEditor.Editor.csproj", "{8C20CC66-015F-845E-6402-CD23059EDD34}"
EndProject
Global
	GlobalSection(SolutionConfigurationPlatforms) = preSolution
		Debug|Any CPU = Debug|Any CPU
		Release|Any CPU = Release|Any CPU
	EndGlobalSection
	GlobalSection(ProjectConfigurationPlatforms) = postSolution
		{AF1F71A1-E71C-C9B2-9AFA-4DBF6C25C2DB}.Debug|Any CPU.ActiveCfg = Debug|Any CPU
		{AF1F71A1-E71C-C9B2-9AFA-4DBF6C25C2DB}.Debug|Any CPU.Build.0 = Debug|Any CPU
		{AF1F71A1-E71C-C9B2-9AFA-4DBF6C25C2DB}.Release|Any CPU.ActiveCfg = Release|Any CPU
		{AF1F71A1-E71C-C9B2-9AFA-4DBF6C25C2DB}.Release|Any CPU.Build.0 = Release|Any CPU
		{5F6698C2-7F11-C8BE-F6EC-5B3851736ED5}.Debug|Any CPU.ActiveCfg = Debug|Any CPU
		{5F6698C2-7F11-C8BE-F6EC-5B3851736ED5}.Debug|Any CPU.Build.0 = Debug|Any CPU
		{5F6698C2-7F11-C8BE-F6EC-5B3851736ED5}.Release|Any CPU.ActiveCfg = Release|Any CPU
		{5F6698C2-7F11-C8BE-F6EC-5B3851736ED5}.Release|Any CPU.Build.0 = Release|Any CPU
		{8C20CC66-015F-845E-6402-CD23059EDD34}.Debug|Any CPU.ActiveCfg = Debug|Any CPU
		{8C20CC66-015F-845E-6402-CD23059EDD34}.Debug|Any CPU.Build.0 = Debug|Any CPU
		{8C20CC66-015F-845E-6402-CD23059EDD34}.Release|Any CPU.ActiveCfg = Release|Any CPU
		{8C20CC66-015F-845E-6402-CD23059EDD34}.Release|Any CPU.Build.0 = Release|Any CPU
	EndGlobalSection
	GlobalSection(SolutionProperties) = preSolution
		HideSolutionNode = FALSE
	EndGlobalSection
EndGlobal
