
Microsoft Visual Studio Solution File, Format Version 12.00
# Visual Studio 2015
Project("{FAE04EC0-301F-11D3-BF4B-00C04F79EFBC}") = "VirtualizingTreeViewSupport", "VirtualizingTreeViewSupport.csproj", "{4787D5F2-78AF-22B5-3CB0-381860DB687E}"
EndProject
Project("{FAE04EC0-301F-11D3-BF4B-00C04F79EFBC}") = "VirtualizingTreeViewSupport.Editor", "VirtualizingTreeViewSupport.Editor.csproj", "{F2679657-D0E3-09DB-A1AC-310416ABF07F}"
EndProject
Global
	GlobalSection(SolutionConfigurationPlatforms) = preSolution
		Debug|Any CPU = Debug|Any CPU
		Release|Any CPU = Release|Any CPU
	EndGlobalSection
	GlobalSection(ProjectConfigurationPlatforms) = postSolution
		{4787D5F2-78AF-22B5-3CB0-381860DB687E}.Debug|Any CPU.ActiveCfg = Debug|Any CPU
		{4787D5F2-78AF-22B5-3CB0-381860DB687E}.Debug|Any CPU.Build.0 = Debug|Any CPU
		{4787D5F2-78AF-22B5-3CB0-381860DB687E}.Release|Any CPU.ActiveCfg = Release|Any CPU
		{4787D5F2-78AF-22B5-3CB0-381860DB687E}.Release|Any CPU.Build.0 = Release|Any CPU
		{F2679657-D0E3-09DB-A1AC-310416ABF07F}.Debug|Any CPU.ActiveCfg = Debug|Any CPU
		{F2679657-D0E3-09DB-A1AC-310416ABF07F}.Debug|Any CPU.Build.0 = Debug|Any CPU
		{F2679657-D0E3-09DB-A1AC-310416ABF07F}.Release|Any CPU.ActiveCfg = Release|Any CPU
		{F2679657-D0E3-09DB-A1AC-310416ABF07F}.Release|Any CPU.Build.0 = Release|Any CPU
	EndGlobalSection
	GlobalSection(SolutionProperties) = preSolution
		HideSolutionNode = FALSE
	EndGlobalSection
EndGlobal
